
Microsoft Visual Studio Solution File, Format Version 12.00
# Visual Studio Version 17
VisualStudioVersion = 17.4.33213.308
MinimumVisualStudioVersion = 10.0.40219.1
Project("{FAE04EC0-301F-11D3-BF4B-00C04F79EFBC}") = "BinarySearchTree", "BinarySearchTree\BinarySearchTree.csproj", "{E8BB7F81-00A4-4FF1-B0F8-8F1F8633F4E1}"
EndProject
Global
	GlobalSection(SolutionConfigurationPlatforms) = preSolution
		Debug|Any CPU = Debug|Any CPU
		Release|Any CPU = Release|Any CPU
	EndGlobalSection
	GlobalSection(ProjectConfigurationPlatforms) = postSolution
		{E8BB7F81-00A4-4FF1-B0F8-8F1F8633F4E1}.Debug|Any CPU.ActiveCfg = Debug|Any CPU
		{E8BB7F81-00A4-4FF1-B0F8-8F1F8633F4E1}.Debug|Any CPU.Build.0 = Debug|Any CPU
		{E8BB7F81-00A4-4FF1-B0F8-8F1F8633F4E1}.Release|Any CPU.ActiveCfg = Release|Any CPU
		{E8BB7F81-00A4-4FF1-B0F8-8F1F8633F4E1}.Release|Any CPU.Build.0 = Release|Any CPU
	EndGlobalSection
	GlobalSection(SolutionProperties) = preSolution
		HideSolutionNode = FALSE
	EndGlobalSection
	GlobalSection(ExtensibilityGlobals) = postSolution
		SolutionGuid = {D1C0869B-8C03-4AA6-BA69-EA57B79265B4}
	EndGlobalSection
EndGlobal
